{
  "name": "booking-svc",
  "version": "2.4.1",
  "lockfileVersion": 3,
  "requires": true,
  "packages": {
    "": {
      "name": "booking-svc",
      "version": "2.4.1",
      "dependencies": {
        "axios": "1.5.0",
        "bcryptjs": "2.4.3",
        "express": "4.18.2",
        "jsonwebtoken": "9.0.2",
        "lodash": "4.17.15",
        "morgan": "1.10.0",
        "pg": "8.11.3"
      },
      "devDependencies": {
        "marked": "1.1.0",
        "mocha": "10.2.0",
        "nodemon": "3.0.1"
      }
    },
    "node_modules/axios": {
      "version": "1.5.0",
      "resolved": "https://registry.npmjs.org/axios/-/axios-1.5.0.tgz",
      "integrity": "sha512-EXAMPLEHASHaxios150DoNotTrustReplaceWithRealIntegrityHash=="
    },
    "node_modules/bcryptjs": {
      "version": "2.4.3",
      "resolved": "https://registry.npmjs.org/bcryptjs/-/bcryptjs-2.4.3.tgz",
      "integrity": "sha512-EXAMPLEHASHbcryptjs243DoNotTrustReplaceWithRealIntegrityHash=="
    },
    "node_modules/express": {
      "version": "4.18.2",
      "resolved": "https://registry.npmjs.org/express/-/express-4.18.2.tgz",
      "integrity": "sha512-EXAMPLEHASHexpress4182DoNotTrustReplaceWithRealIntegrityHash=="
    },
    "node_modules/jsonwebtoken": {
      "version": "9.0.2",
      "resolved": "https://registry.npmjs.org/jsonwebtoken/-/jsonwebtoken-9.0.2.tgz",
      "integrity": "sha512-EXAMPLEHASHjwt902DoNotTrustReplaceWithRealIntegrityHash=="
    },
    "node_modules/lodash": {
      "version": "4.17.15",
      "resolved": "https://registry.npmjs.org/lodash/-/lodash-4.17.15.tgz",
      "integrity": "sha512-EXAMPLEHASHlodash41715DoNotTrustReplaceWithRealIntegrityHash=="
    },
    "node_modules/marked": {
      "version": "1.1.0",
      "resolved": "https://registry.npmjs.org/marked/-/marked-1.1.0.tgz",
      "integrity": "sha512-EXAMPLEHASHmarked110DoNotTrustReplaceWithRealIntegrityHash==",
      "dev": true,
      "bin": { "marked": "bin/marked" }
    },
    "node_modules/minimist": {
      "version": "1.2.0",
      "resolved": "https://registry.npmjs.org/minimist/-/minimist-1.2.0.tgz",
      "integrity": "sha512-EXAMPLEHASHminimist120DoNotTrustReplaceWithRealIntegrityHash==",
      "dev": true
    },
    "node_modules/mocha": {
      "version": "10.2.0",
      "resolved": "https://registry.npmjs.org/mocha/-/mocha-10.2.0.tgz",
      "integrity": "sha512-EXAMPLEHASHmocha1020DoNotTrustReplaceWithRealIntegrityHash==",
      "dev": true
    },
    "node_modules/morgan": {
      "version": "1.10.0",
      "resolved": "https://registry.npmjs.org/morgan/-/morgan-1.10.0.tgz",
      "integrity": "sha512-EXAMPLEHASHmorgan1100DoNotTrustReplaceWithRealIntegrityHash=="
    },
    "node_modules/nodemon": {
      "version": "3.0.1",
      "resolved": "https://registry.npmjs.org/nodemon/-/nodemon-3.0.1.tgz",
      "integrity": "sha512-EXAMPLEHASHnodemon301DoNotTrustReplaceWithRealIntegrityHash==",
      "dev": true,
      "dependencies": {
        "minimist": "1.2.0"
      }
    },
    "node_modules/pg": {
      "version": "8.11.3",
      "resolved": "https://registry.npmjs.org/pg/-/pg-8.11.3.tgz",
      "integrity": "sha512-EXAMPLEHASHpg8113DoNotTrustReplaceWithRealIntegrityHash=="
    }
  }
}
