{
  "name": "@auravia/provider-svc",
  "version": "1.9.0",
  "lockfileVersion": 3,
  "requires": true,
  "packages": {
    "": {
      "name": "@auravia/provider-svc",
      "version": "1.9.0",
      "dependencies": {
        "axios": "1.6.2",
        "bcryptjs": "2.4.3",
        "express": "4.18.2",
        "jsonwebtoken": "9.0.2",
        "morgan": "1.10.0",
        "pg": "8.11.3",
        "semver": "7.3.5"
      },
      "devDependencies": {
        "jest": "29.7.0",
        "nodemon": "3.0.1"
      }
    },
    "node_modules/axios": {
      "version": "1.6.2",
      "resolved": "https://registry.npmjs.org/axios/-/axios-1.6.2.tgz",
      "integrity": "sha512-EXAMPLEHASHaxios162EXAMPLEHASHEXAMPLEHASHEXAMPLEHASHEXAMPLEHASH==",
      "dependencies": {
        "follow-redirects": "^1.15.0",
        "form-data": "^4.0.0",
        "proxy-from-env": "^1.1.0"
      }
    },
    "node_modules/bcryptjs": {
      "version": "2.4.3",
      "resolved": "https://registry.npmjs.org/bcryptjs/-/bcryptjs-2.4.3.tgz",
      "integrity": "sha512-EXAMPLEHASHbcryptjs243EXAMPLEHASHEXAMPLEHASHEXAMPLEHASHEXAMPLE==="
    },
    "node_modules/express": {
      "version": "4.18.2",
      "resolved": "https://registry.npmjs.org/express/-/express-4.18.2.tgz",
      "integrity": "sha512-EXAMPLEHASHexpress4182EXAMPLEHASHEXAMPLEHASHEXAMPLEHASHEXAMPLE==",
      "dependencies": {
        "body-parser": "1.20.1",
        "cookie": "0.5.0",
        "qs": "6.11.0"
      }
    },
    "node_modules/follow-redirects": {
      "version": "1.15.3",
      "resolved": "https://registry.npmjs.org/follow-redirects/-/follow-redirects-1.15.3.tgz",
      "integrity": "sha512-EXAMPLEHASHfollowredirects1153EXAMPLEHASHEXAMPLEHASHEXAMPLE==",
      "funding": [
        {
          "type": "individual",
          "url": "https://github.com/sponsors/RubenVerborgh"
        }
      ],
      "engines": {
        "node": ">=4.0"
      },
      "peerDependenciesMeta": {
        "debug": {
          "optional": true
        }
      }
    },
    "node_modules/form-data": {
      "version": "4.0.0",
      "resolved": "https://registry.npmjs.org/form-data/-/form-data-4.0.0.tgz",
      "integrity": "sha512-EXAMPLEHASHformdata400EXAMPLEHASHEXAMPLEHASHEXAMPLEHASHEXAM=="
    },
    "node_modules/jsonwebtoken": {
      "version": "9.0.2",
      "resolved": "https://registry.npmjs.org/jsonwebtoken/-/jsonwebtoken-9.0.2.tgz",
      "integrity": "sha512-EXAMPLEHASHjsonwebtoken902EXAMPLEHASHEXAMPLEHASHEXAMPLEHASH==",
      "dependencies": {
        "jws": "^3.2.2",
        "lodash.includes": "^4.3.0",
        "semver": "^7.5.4"
      },
      "engines": {
        "node": ">=12",
        "npm": ">=6"
      }
    },
    "node_modules/jsonwebtoken/node_modules/semver": {
      "version": "7.5.4",
      "resolved": "https://registry.npmjs.org/semver/-/semver-7.5.4.tgz",
      "integrity": "sha512-EXAMPLEHASHsemver754EXAMPLEHASHEXAMPLEHASHEXAMPLEHASHEXAMPL==",
      "dependencies": {
        "lru-cache": "^6.0.0"
      },
      "bin": {
        "semver": "bin/semver.js"
      },
      "engines": {
        "node": ">=10"
      }
    },
    "node_modules/morgan": {
      "version": "1.10.0",
      "resolved": "https://registry.npmjs.org/morgan/-/morgan-1.10.0.tgz",
      "integrity": "sha512-EXAMPLEHASHmorgan1100EXAMPLEHASHEXAMPLEHASHEXAMPLEHASHEXAM=="
    },
    "node_modules/pg": {
      "version": "8.11.3",
      "resolved": "https://registry.npmjs.org/pg/-/pg-8.11.3.tgz",
      "integrity": "sha512-EXAMPLEHASHpg8113EXAMPLEHASHEXAMPLEHASHEXAMPLEHASHEXAMPLEHA=="
    },
    "node_modules/semver": {
      "version": "7.3.5",
      "resolved": "https://registry.npmjs.org/semver/-/semver-7.3.5.tgz",
      "integrity": "sha512-EXAMPLEHASHsemver735EXAMPLEHASHEXAMPLEHASHEXAMPLEHASHEXAMPL==",
      "dependencies": {
        "lru-cache": "^6.0.0"
      },
      "bin": {
        "semver": "bin/semver.js"
      },
      "engines": {
        "node": ">=10"
      }
    },
    "node_modules/nodemon": {
      "version": "3.0.1",
      "resolved": "https://registry.npmjs.org/nodemon/-/nodemon-3.0.1.tgz",
      "integrity": "sha512-EXAMPLEHASHnodemon301EXAMPLEHASHEXAMPLEHASHEXAMPLEHASHEXAM==",
      "dev": true,
      "dependencies": {
        "semver": "^7.5.3"
      }
    },
    "node_modules/jest": {
      "version": "29.7.0",
      "resolved": "https://registry.npmjs.org/jest/-/jest-29.7.0.tgz",
      "integrity": "sha512-EXAMPLEHASHjest2970EXAMPLEHASHEXAMPLEHASHEXAMPLEHASHEXAMPL==",
      "dev": true
    }
  }
}
